
Microsoft Visual Studio Solution File, Format Version 12.00
# Visual Studio Version 16
VisualStudioVersion = 16.0.29709.97
MinimumVisualStudioVersion = 10.0.40219.1
Project("{9A19103F-16F7-4668-BE54-9A1E7A4F7556}") = "BlazorServersideTest", "BlazorServersideTest.csproj", "{9347C174-A0BB-4F36-9D4D-58B9862FE602}"
EndProject
Global
	GlobalSection(SolutionConfigurationPlatforms) = preSolution
		Debug|Any CPU = Debug|Any CPU
		Release|Any CPU = Release|Any CPU
	EndGlobalSection
	GlobalSection(ProjectConfigurationPlatforms) = postSolution
		{9347C174-A0BB-4F36-9D4D-58B9862FE602}.Debug|Any CPU.ActiveCfg = Debug|Any CPU
		{9347C174-A0BB-4F36-9D4D-58B9862FE602}.Debug|Any CPU.Build.0 = Debug|Any CPU
		{9347C174-A0BB-4F36-9D4D-58B9862FE602}.Release|Any CPU.ActiveCfg = Release|Any CPU
		{9347C174-A0BB-4F36-9D4D-58B9862FE602}.Release|Any CPU.Build.0 = Release|Any CPU
	EndGlobalSection
	GlobalSection(SolutionProperties) = preSolution
		HideSolutionNode = FALSE
	EndGlobalSection
	GlobalSection(ExtensibilityGlobals) = postSolution
		SolutionGuid = {B8E50075-A5FA-4412-8E3C-82F8580A8D1D}
	EndGlobalSection
EndGlobal
